github.com/bjartek/embed-test v0.0.0-20231102094434-8661145e893a h1:rofZAWfzPgAWKNYBGuXD/MlF0qQrK10gmTfcMKiMFmg=
github.com/bjartek/embed-test v0.0.0-20231102094434-8661145e893a/go.mod h1:C9DBIv7gMYJA6yPlONRka0JUYy1B4+42kTvLNG8XlpA=
github.com/bjartek/embed-test v0.0.0-20231102094835-9aaac50577d4 h1:IcqH6sIJYlsURKqgl4uVaDtFCbdBQu34QIAQdHztQQ8=
github.com/bjartek/embed-test v0.0.0-20231102094835-9aaac50577d4/go.mod h1:C9DBIv7gMYJA6yPlONRka0JUYy1B4+42kTvLNG8XlpA=
github.com/bjartek/embed-test v0.0.0-20231102095139-6aa9cb932677 h1:d2s7B9SC3bhChA7Wmgevk4arNyzVHyXfW44Y48LxXtY=
github.com/bjartek/embed-test v0.0.0-20231102095139-6aa9cb932677/go.mod h1:C9DBIv7gMYJA6yPlONRka0JUYy1B4+42kTvLNG8XlpA=
